// !$*UTF8*$!
{
	archiveVersion = 1;
	classes = {
	};
	objectVersion = 46;
	objects = {

/* Begin PBXBuildFile section */
		FCAC27F31E6F714E0036CA7B /* AppDelegate.swift in Sources */ = {isa = PBXBuildFile; fileRef = FCAC27F21E6F714E0036CA7B /* AppDelegate.swift */; };
		FCAC27F51E6F714E0036CA7B /* ViewController.swift in Sources */ = {isa = PBXBuildFile; fileRef = FCAC27F41E6F714E0036CA7B /* ViewController.swift */; };
		FCAC27F81E6F714E0036CA7B /* Main.storyboard in Resources */ = {isa = PBXBuildFile; fileRef = FCAC27F61E6F714E0036CA7B /* Main.storyboard */; };
		FCAC27FA1E6F714E0036CA7B /* Assets.xcassets in Resources */ = {isa = PBXBuildFile; fileRef = FCAC27F91E6F714E0036CA7B /* Assets.xcassets */; };
		FCAC27FD1E6F714E0036CA7B /* LaunchScreen.storyboard in Resources */ = {isa = PBXBuildFile; fileRef = FCAC27FB1E6F714E0036CA7B /* LaunchScreen.storyboard */; };
/* End PBXBuildFile section */

/* Begin PBXFileReference section */
		FCAC27EF1E6F714E0036CA7B /* Gratitude.app */ = {isa = PBXFileReference; explicitFileType = wrapper.application; includeInIndex = 0; path = Gratitude.app; sourceTree = BUILT_PRODUCTS_DIR; };
		FCAC27F21E6F714E0036CA7B /* AppDelegate.swift */ = {isa = PBXFileReference; lastKnownFileType = sourcecode.swift; path = AppDelegate.swift; sourceTree = "<group>"; };
		FCAC27F41E6F714E0036CA7B /* ViewController.swift */ = {isa = PBXFileReference; lastKnownFileType = sourcecode.swift; path = ViewController.swift; sourceTree = "<group>"; };
		FCAC27F71E6F714E0036CA7B /* Base */ = {isa = PBXFileReference; lastKnownFileType = file.storyboard; name = Base; path = Base.lproj/Main.storyboard; sourceTree = "<group>"; };
		FCAC27F91E6F714E0036CA7B /* Assets.xcassets */ = {isa = PBXFileReference; lastKnownFileType = folder.assetcatalog; path = Assets.xcassets; sourceTree = "<group>"; };
		FCAC27FC1E6F714E0036CA7B /* Base */ = {isa = PBXFileReference; lastKnownFileType = file.storyboard; name = Base; path = Base.lproj/LaunchScreen.storyboard; sourceTree = "<group>"; };
		FCAC27FE1E6F714E0036CA7B /* Info.plist */ = {isa = PBXFileReference; lastKnownFileType = text.plist.xml; path = Info.plist; sourceTree = "<group>"; };
/* End PBXFileReference section */

/* Begin PBXFrameworksBuildPhase section */
		FCAC27EC1E6F714E0036CA7B /* Frameworks */ = {
			isa = PBXFrameworksBuildPhase;
			buildActionMask = 2147483647;
			files = (
			);
			runOnlyForDeploymentPostprocessing = 0;
		};
/* End PBXFrameworksBuildPhase section */

/* Begin PBXGroup section */
		FCAC27E61E6F714D0036CA7B = {
			isa = PBXGroup;
			children = (
				FCAC27F11E6F714E0036CA7B /* Gratitude */,
				FCAC27F01E6F714E0036CA7B /* Products */,
			);
			sourceTree = "<group>";
		};
		FCAC27F01E6F714E0036CA7B /* Products */ = {
			isa = PBXGroup;
			children = (
				FCAC27EF1E6F714E0036CA7B /* Gratitude.app */,
			);
			name = Products;
			sourceTree = "<group>";
		};
		FCAC27F11E6F714E0036CA7B /* Gratitude */ = {
			isa = PBXGroup;
			children = (
				FCAC27F21E6F714E0036CA7B /* AppDelegate.swift */,
				FCAC27F41E6F714E0036CA7B /* ViewController.swift */,
				FCAC27F61E6F714E0036CA7B /* Main.storyboard */,
				FCAC27F91E6F714E0036CA7B /* Assets.xcassets */,
				FCAC27FB1E6F714E0036CA7B /* LaunchScreen.storyboard */,
				FCAC27FE1E6F714E0036CA7B /* Info.plist */,
			);
			path = Gratitude;
			sourceTree = "<group>";
		};
/* End PBXGroup section */

/* Begin PBXNativeTarget section */
		FCAC27EE1E6F714E0036CA7B /* Gratitude */ = {
			isa = PBXNativeTarget;
			buildConfigurationList = FCAC28011E6F714E0036CA7B /* Build configuration list for PBXNativeTarget "Gratitude" */;
			buildPhases = (
				FCAC27EB1E6F714E0036CA7B /* Sources */,
				FCAC27EC1E6F714E0036CA7B /* Frameworks */,
				FCAC27ED1E6F714E0036CA7B /* Resources */,
			);
			buildRules = (
			);
			dependencies = (
			);
			name = Gratitude;
			productName = Gratitude;
			productReference = FCAC27EF1E6F714E0036CA7B /* Gratitude.app */;
			productType = "com.apple.product-type.application";
		};
/* End PBXNativeTarget section */

/* Begin PBXProject section */
		FCAC27E71E6F714D0036CA7B /* Project object */ = {
			isa = PBXProject;
			attributes = {
				LastSwiftUpdateCheck = 0820;
				LastUpgradeCheck = 0820;
				ORGANIZATIONNAME = "Dylan Miller";
				TargetAttributes = {
					FCAC27EE1E6F714E0036CA7B = {
						CreatedOnToolsVersion = 8.2.1;
						DevelopmentTeam = SCUP57ZH8V;
						ProvisioningStyle = Automatic;
					};
				};
			};
			buildConfigurationList = FCAC27EA1E6F714D0036CA7B /* Build configuration list for PBXProject "Gratitude" */;
			compatibilityVersion = "Xcode 3.2";
			developmentRegion = English;
			hasScannedForEncodings = 0;
			knownRegions = (
				en,
				Base,
			);
			mainGroup = FCAC27E61E6F714D0036CA7B;
			productRefGroup = FCAC27F01E6F714E0036CA7B /* Products */;
			projectDirPath = "";
			projectRoot = "";
			targets = (
				FCAC27EE1E6F714E0036CA7B /* Gratitude */,
			);
		};
/* End PBXProject section */

/* Begin PBXResourcesBuildPhase section */
		FCAC27ED1E6F714E0036CA7B /* Resources */ = {
			isa = PBXResourcesBuildPhase;
			buildActionMask = 2147483647;
			files = (
				FCAC27FD1E6F714E0036CA7B /* LaunchScreen.storyboard in Resources */,
				FCAC27FA1E6F714E0036CA7B /* Assets.xcassets in Resources */,
				FCAC27F81E6F714E0036CA7B /* Main.storyboard in Resources */,
			);
			runOnlyForDeploymentPostprocessing = 0;
		};
/* End PBXResourcesBuildPhase section */

/* Begin PBXSourcesBuildPhase section */
		FCAC27EB1E6F714E0036CA7B /* Sources */ = {
			isa = PBXSourcesBuildPhase;
			buildActionMask = 2147483647;
			files = (
				FCAC27F51E6F714E0036CA7B /* ViewController.swift in Sources */,
				FCAC27F31E6F714E0036CA7B /* AppDelegate.swift in Sources */,
			);
			runOnlyForDeploymentPostprocessing = 0;
		};
/* End PBXSourcesBuildPhase section */

/* Begin PBXVariantGroup section */
		FCAC27F61E6F714E0036CA7B /* Main.storyboard */ = {
			isa = PBXVariantGroup;
			children = (
				FCAC27F71E6F714E0036CA7B /* Base */,
			);
			name = Main.storyboard;
			sourceTree = "<group>";
		};
		FCAC27FB1E6F714E0036CA7B /* LaunchScreen.storyboard */ = {
			isa = PBXVariantGroup;
			children = (
				FCAC27FC1E6F714E0036CA7B /* Base */,
			);
			name = LaunchScreen.storyboard;
			sourceTree = "<group>";
		};
/* End PBXVariantGroup section */

/* Begin XCBuildConfiguration section */
		FCAC27FF1E6F714E0036CA7B /* Debug */ = {
			isa = XCBuildConfiguration;
			buildSettings = {
				ALWAYS_SEARCH_USER_PATHS = NO;
				CLANG_ANALYZER_NONNULL = YES;
				CLANG_CXX_LANGUAGE_STANDARD = "gnu++0x";
				CLANG_CXX_LIBRARY = "libc++";
				CLANG_ENABLE_MODULES = YES;
				CLANG_ENABLE_OBJC_ARC = YES;
				CLANG_WARN_BOOL_CONVERSION = YES;
				CLANG_WARN_CONSTANT_CONVERSION = YES;
				CLANG_WARN_DIRECT_OBJC_ISA_USAGE = YES_ERROR;
				CLANG_WARN_DOCUMENTATION_COMMENTS = YES;
				CLANG_WARN_EMPTY_BODY = YES;
				CLANG_WARN_ENUM_CONVERSION = YES;
				CLANG_WARN_INFINITE_RECURSION = YES;
				CLANG_WARN_INT_CONVERSION = YES;
				CLANG_WARN_OBJC_ROOT_CLASS = YES_ERROR;
				CLANG_WARN_SUSPICIOUS_MOVE = YES;
				CLANG_WARN_UNREACHABLE_CODE = YES;
				CLANG_WARN__DUPLICATE_METHOD_MATCH = YES;
				"CODE_SIGN_IDENTITY[sdk=iphoneos*]" = "iPhone Developer";
				COPY_PHASE_STRIP = NO;
				DEBUG_INFORMATION_FORMAT = dwarf;
				ENABLE_STRICT_OBJC_MSGSEND = YES;
				ENABLE_TESTABILITY = YES;
				GCC_C_LANGUAGE_STANDARD = gnu99;
				GCC_DYNAMIC_NO_PIC = NO;
				GCC_NO_COMMON_BLOCKS = YES;
				GCC_OPTIMIZATION_LEVEL = 0;
				GCC_PREPROCESSOR_DEFINITIONS = (
					"DEBUG=1",
					"$(inherited)",
				);
				GCC_WARN_64_TO_32_BIT_CONVERSION = YES;
				GCC_WARN_ABOUT_RETURN_TYPE = YES_ERROR;
				GCC_WARN_UNDECLARED_SELECTOR = YES;
				GCC_WARN_UNINITIALIZED_AUTOS = YES_AGGRESSIVE;
				GCC_WARN_UNUSED_FUNCTION = YES;
				GCC_WARN_UNUSED_VARIABLE = YES;
				IPHONEOS_DEPLOYMENT_TARGET = 10.2;
				MTL_ENABLE_DEBUG_INFO = YES;
				ONLY_ACTIVE_ARCH = YES;
				SDKROOT = iphoneos;
				SWIFT_ACTIVE_COMPILATION_CONDITIONS = DEBUG;
				SWIFT_OPTIMIZATION_LEVEL = "-Onone";
			};
			name = Debug;
		};
		FCAC28001E6F714E0036CA7B /* Release */ = {
			isa = XCBuildConfiguration;
			buildSettings = {
				ALWAYS_SEARCH_USER_PATHS = NO;
				CLANG_ANALYZER_NONNULL = YES;
				CLANG_CXX_LANGUAGE_STANDARD = "gnu++0x";
				CLANG_CXX_LIBRARY = "libc++";
				CLANG_ENABLE_MODULES = YES;
				CLANG_ENABLE_OBJC_ARC = YES;
				CLANG_WARN_BOOL_CONVERSION = YES;
				CLANG_WARN_CONSTANT_CONVERSION = YES;
				CLANG_WARN_DIRECT_OBJC_ISA_USAGE = YES_ERROR;
				CLANG_WARN_DOCUMENTATION_COMMENTS = YES;
				CLANG_WARN_EMPTY_BODY = YES;
				CLANG_WARN_ENUM_CONVERSION = YES;
				CLANG_WARN_INFINITE_RECURSION = YES;
				CLANG_WARN_INT_CONVERSION = YES;
				CLANG_WARN_OBJC_ROOT_CLASS = YES_ERROR;
				CLANG_WARN_SUSPICIOUS_MOVE = YES;
				CLANG_WARN_UNREACHABLE_CODE = YES;
				CLANG_WARN__DUPLICATE_METHOD_MATCH = YES;
				"CODE_SIGN_IDENTITY[sdk=iphoneos*]" = "iPhone Developer";
				COPY_PHASE_STRIP = NO;
				DEBUG_INFORMATION_FORMAT = "dwarf-with-dsym";
				ENABLE_NS_ASSERTIONS = NO;
				ENABLE_STRICT_OBJC_MSGSEND = YES;
				GCC_C_LANGUAGE_STANDARD = gnu99;
				GCC_NO_COMMON_BLOCKS = YES;
				GCC_WARN_64_TO_32_BIT_CONVERSION = YES;
				GCC_WARN_ABOUT_RETURN_TYPE = YES_ERROR;
				GCC_WARN_UNDECLARED_SELECTOR = YES;
				GCC_WARN_UNINITIALIZED_AUTOS = YES_AGGRESSIVE;
				GCC_WARN_UNUSED_FUNCTION = YES;
				GCC_WARN_UNUSED_VARIABLE = YES;
				IPHONEOS_DEPLOYMENT_TARGET = 10.2;
				MTL_ENABLE_DEBUG_INFO = NO;
				SDKROOT = iphoneos;
				SWIFT_OPTIMIZATION_LEVEL = "-Owholemodule";
				VALIDATE_PRODUCT = YES;
			};
			name = Release;
		};
		FCAC28021E6F714E0036CA7B /* Debug */ = {
			isa = XCBuildConfiguration;
			buildSettings = {
				ASSETCATALOG_COMPILER_APPICON_NAME = AppIcon;
				DEVELOPMENT_TEAM = SCUP57ZH8V;
				INFOPLIST_FILE = Gratitude/Info.plist;
				LD_RUNPATH_SEARCH_PATHS = "$(inherited) @executable_path/Frameworks";
				PRODUCT_BUNDLE_IDENTIFIER = com.dylanmiller.Gratitude;
				PRODUCT_NAME = "$(TARGET_NAME)";
				SWIFT_VERSION = 3.0;
			};
			name = Debug;
		};
		FCAC28031E6F714E0036CA7B /* Release */ = {
			isa = XCBuildConfiguration;
			buildSettings = {
				ASSETCATALOG_COMPILER_APPICON_NAME = AppIcon;
				DEVELOPMENT_TEAM = SCUP57ZH8V;
				INFOPLIST_FILE = Gratitude/Info.plist;
				LD_RUNPATH_SEARCH_PATHS = "$(inherited) @executable_path/Frameworks";
				PRODUCT_BUNDLE_IDENTIFIER = com.dylanmiller.Gratitude;
				PRODUCT_NAME = "$(TARGET_NAME)";
				SWIFT_VERSION = 3.0;
			};
			name = Release;
		};
/* End XCBuildConfiguration section */

/* Begin XCConfigurationList section */
		FCAC27EA1E6F714D0036CA7B /* Build configuration list for PBXProject "Gratitude" */ = {
			isa = XCConfigurationList;
			buildConfigurations = (
				FCAC27FF1E6F714E0036CA7B /* Debug */,
				FCAC28001E6F714E0036CA7B /* Release */,
			);
			defaultConfigurationIsVisible = 0;
			defaultConfigurationName = Release;
		};
		FCAC28011E6F714E0036CA7B /* Build configuration list for PBXNativeTarget "Gratitude" */ = {
			isa = XCConfigurationList;
			buildConfigurations = (
				FCAC28021E6F714E0036CA7B /* Debug */,
				FCAC28031E6F714E0036CA7B /* Release */,
			);
			defaultConfigurationIsVisible = 0;
		};
/* End XCConfigurationList section */
	};
	rootObject = FCAC27E71E6F714D0036CA7B /* Project object */;
}
